
Microsoft Visual Studio Solution File, Format Version 12.00
# Visual Studio Version 17
VisualStudioVersion = 17.6.33829.357
MinimumVisualStudioVersion = 10.0.40219.1
Project("{FAE04EC0-301F-11D3-BF4B-00C04F79EFBC}") = "CricketerAge", "CricketerAge.csproj", "{A161C135-AF49-43D7-A649-C360056A03D2}"
EndProject
Global
	GlobalSection(SolutionConfigurationPlatforms) = preSolution
		Debug|Any CPU = Debug|Any CPU
		Release|Any CPU = Release|Any CPU
	EndGlobalSection
	GlobalSection(ProjectConfigurationPlatforms) = postSolution
		{A161C135-AF49-43D7-A649-C360056A03D2}.Debug|Any CPU.ActiveCfg = Debug|Any CPU
		{A161C135-AF49-43D7-A649-C360056A03D2}.Debug|Any CPU.Build.0 = Debug|Any CPU
		{A161C135-AF49-43D7-A649-C360056A03D2}.Release|Any CPU.ActiveCfg = Release|Any CPU
		{A161C135-AF49-43D7-A649-C360056A03D2}.Release|Any CPU.Build.0 = Release|Any CPU
	EndGlobalSection
	GlobalSection(SolutionProperties) = preSolution
		HideSolutionNode = FALSE
	EndGlobalSection
	GlobalSection(ExtensibilityGlobals) = postSolution
		SolutionGuid = {66C703C4-EBC7-4A6D-A94B-0C1EAD6AE70B}
	EndGlobalSection
EndGlobal
